// !$*UTF8*$!
{
	archiveVersion = 1;
	classes = {
	};
	objectVersion = 46;
	objects = {

/* Begin PBXBuildFile section */
		EE1AA4E51D9564D500B50AD5 /* C3PRO.framework in Embed Frameworks */ = {isa = PBXBuildFile; fileRef = EE9227921D955DD3009554E6 /* C3PRO.framework */; settings = {ATTRIBUTES = (CodeSignOnCopy, RemoveHeadersOnCopy, ); }; };
		EE1AA4E61D9564D500B50AD5 /* SMART.framework in Embed Frameworks */ = {isa = PBXBuildFile; fileRef = EE9227B31D956169009554E6 /* SMART.framework */; settings = {ATTRIBUTES = (CodeSignOnCopy, RemoveHeadersOnCopy, ); }; };
		EE1AA4E71D9564D500B50AD5 /* ResearchKit.framework in Embed Frameworks */ = {isa = PBXBuildFile; fileRef = EE1AA4D21D9563FF00B50AD5 /* ResearchKit.framework */; settings = {ATTRIBUTES = (CodeSignOnCopy, RemoveHeadersOnCopy, ); }; };
		EE1AA4E81D9564D500B50AD5 /* CryptoSwift.framework in Embed Frameworks */ = {isa = PBXBuildFile; fileRef = EE1AA4E21D9564B500B50AD5 /* CryptoSwift.framework */; settings = {ATTRIBUTES = (CodeSignOnCopy, RemoveHeadersOnCopy, ); }; };
		EE9227781D955C64009554E6 /* AppDelegate.swift in Sources */ = {isa = PBXBuildFile; fileRef = EE9227771D955C64009554E6 /* AppDelegate.swift */; };
		EE92277A1D955C64009554E6 /* ViewController.swift in Sources */ = {isa = PBXBuildFile; fileRef = EE9227791D955C64009554E6 /* ViewController.swift */; };
		EE92277D1D955C64009554E6 /* Main.storyboard in Resources */ = {isa = PBXBuildFile; fileRef = EE92277B1D955C64009554E6 /* Main.storyboard */; };
		EE92277F1D955C64009554E6 /* Assets.xcassets in Resources */ = {isa = PBXBuildFile; fileRef = EE92277E1D955C64009554E6 /* Assets.xcassets */; };
		EE9227821D955C64009554E6 /* LaunchScreen.storyboard in Resources */ = {isa = PBXBuildFile; fileRef = EE9227801D955C64009554E6 /* LaunchScreen.storyboard */; };
/* End PBXBuildFile section */

/* Begin PBXContainerItemProxy section */
		EE1AA4D11D9563FF00B50AD5 /* PBXContainerItemProxy */ = {
			isa = PBXContainerItemProxy;
			containerPortal = EE1AA4CB1D9563FE00B50AD5 /* ResearchKit.xcodeproj */;
			proxyType = 2;
			remoteGlobalIDString = B183A5951A8535D100C76870;
			remoteInfo = ResearchKit;
		};
		EE1AA4D31D9563FF00B50AD5 /* PBXContainerItemProxy */ = {
			isa = PBXContainerItemProxy;
			containerPortal = EE1AA4CB1D9563FE00B50AD5 /* ResearchKit.xcodeproj */;
			proxyType = 2;
			remoteGlobalIDString = 86CC8E9A1AC09332001CCD89;
			remoteInfo = ResearchKitTests;
		};
		EE1AA4E11D9564B500B50AD5 /* PBXContainerItemProxy */ = {
			isa = PBXContainerItemProxy;
			containerPortal = EE1AA4DC1D9564B400B50AD5 /* CryptoSwift.xcodeproj */;
			proxyType = 2;
			remoteGlobalIDString = 754BE45519693E190098E6F3;
			remoteInfo = CryptoSwift;
		};
		EE1AA4E31D9564B500B50AD5 /* PBXContainerItemProxy */ = {
			isa = PBXContainerItemProxy;
			containerPortal = EE1AA4DC1D9564B400B50AD5 /* CryptoSwift.xcodeproj */;
			proxyType = 2;
			remoteGlobalIDString = 754BE46019693E190098E6F3;
			remoteInfo = Tests;
		};
		EE1AA4E91D9564DF00B50AD5 /* PBXContainerItemProxy */ = {
			isa = PBXContainerItemProxy;
			containerPortal = EE9227891D955DD3009554E6 /* C3PRO.xcodeproj */;
			proxyType = 1;
			remoteGlobalIDString = EEFA84BA1AE5C18B00E61006;
			remoteInfo = C3PRO;
		};
		EE1AA4EB1D9564DF00B50AD5 /* PBXContainerItemProxy */ = {
			isa = PBXContainerItemProxy;
			containerPortal = EE9227A91D956169009554E6 /* SwiftSMART.xcodeproj */;
			proxyType = 1;
			remoteGlobalIDString = EE43B1A819546D880017679A;
			remoteInfo = "SwiftSMART-iOS";
		};
		EE1AA4ED1D9564DF00B50AD5 /* PBXContainerItemProxy */ = {
			isa = PBXContainerItemProxy;
			containerPortal = EE1AA4CB1D9563FE00B50AD5 /* ResearchKit.xcodeproj */;
			proxyType = 1;
			remoteGlobalIDString = B183A4731A8535D100C76870;
			remoteInfo = ResearchKit;
		};
		EE1AA4EF1D9564DF00B50AD5 /* PBXContainerItemProxy */ = {
			isa = PBXContainerItemProxy;
			containerPortal = EE1AA4DC1D9564B400B50AD5 /* CryptoSwift.xcodeproj */;
			proxyType = 1;
			remoteGlobalIDString = 754BE45419693E190098E6F3;
			remoteInfo = CryptoSwift;
		};
		EE9227911D955DD3009554E6 /* PBXContainerItemProxy */ = {
			isa = PBXContainerItemProxy;
			containerPortal = EE9227891D955DD3009554E6 /* C3PRO.xcodeproj */;
			proxyType = 2;
			remoteGlobalIDString = EEFA84BB1AE5C18B00E61006;
			remoteInfo = C3PRO;
		};
		EE9227931D955DD3009554E6 /* PBXContainerItemProxy */ = {
			isa = PBXContainerItemProxy;
			containerPortal = EE9227891D955DD3009554E6 /* C3PRO.xcodeproj */;
			proxyType = 2;
			remoteGlobalIDString = EEFA84C61AE5C18B00E61006;
			remoteInfo = C3PROTests;
		};
		EE9227B21D956169009554E6 /* PBXContainerItemProxy */ = {
			isa = PBXContainerItemProxy;
			containerPortal = EE9227A91D956169009554E6 /* SwiftSMART.xcodeproj */;
			proxyType = 2;
			remoteGlobalIDString = EE43B1A919546D880017679A;
			remoteInfo = "SwiftSMART-iOS";
		};
		EE9227B41D956169009554E6 /* PBXContainerItemProxy */ = {
			isa = PBXContainerItemProxy;
			containerPortal = EE9227A91D956169009554E6 /* SwiftSMART.xcodeproj */;
			proxyType = 2;
			remoteGlobalIDString = EE43B1B319546D880017679A;
			remoteInfo = "SwiftSMART-iOSTests";
		};
		EE9227B61D956169009554E6 /* PBXContainerItemProxy */ = {
			isa = PBXContainerItemProxy;
			containerPortal = EE9227A91D956169009554E6 /* SwiftSMART.xcodeproj */;
			proxyType = 2;
			remoteGlobalIDString = EECAA7831A5D3DE60062C64B;
			remoteInfo = "SwiftSMART-macOS";
		};
		EE9227B81D956169009554E6 /* PBXContainerItemProxy */ = {
			isa = PBXContainerItemProxy;
			containerPortal = EE9227A91D956169009554E6 /* SwiftSMART.xcodeproj */;
			proxyType = 2;
			remoteGlobalIDString = EE13AA921A5D44D100B901FD;
			remoteInfo = "SwiftSMART-macOSTests";
		};
/* End PBXContainerItemProxy section */

/* Begin PBXCopyFilesBuildPhase section */
		EE9227A01D955E08009554E6 /* Embed Frameworks */ = {
			isa = PBXCopyFilesBuildPhase;
			buildActionMask = 2147483647;
			dstPath = "";
			dstSubfolderSpec = 10;
			files = (
				EE1AA4E51D9564D500B50AD5 /* C3PRO.framework in Embed Frameworks */,
				EE1AA4E61D9564D500B50AD5 /* SMART.framework in Embed Frameworks */,
				EE1AA4E71D9564D500B50AD5 /* ResearchKit.framework in Embed Frameworks */,
				EE1AA4E81D9564D500B50AD5 /* CryptoSwift.framework in Embed Frameworks */,
			);
			name = "Embed Frameworks";
			runOnlyForDeploymentPostprocessing = 0;
		};
/* End PBXCopyFilesBuildPhase section */

/* Begin PBXFileReference section */
		EE1AA4CB1D9563FE00B50AD5 /* ResearchKit.xcodeproj */ = {isa = PBXFileReference; lastKnownFileType = "wrapper.pb-project"; name = ResearchKit.xcodeproj; path = "c3-pro-ios-framework/ResearchKit/ResearchKit.xcodeproj"; sourceTree = "<group>"; };
		EE1AA4DC1D9564B400B50AD5 /* CryptoSwift.xcodeproj */ = {isa = PBXFileReference; lastKnownFileType = "wrapper.pb-project"; name = CryptoSwift.xcodeproj; path = "c3-pro-ios-framework/CryptoSwift/CryptoSwift.xcodeproj"; sourceTree = "<group>"; };
		EE9227741D955C64009554E6 /* Questionnaires.app */ = {isa = PBXFileReference; explicitFileType = wrapper.application; includeInIndex = 0; path = Questionnaires.app; sourceTree = BUILT_PRODUCTS_DIR; };
		EE9227771D955C64009554E6 /* AppDelegate.swift */ = {isa = PBXFileReference; lastKnownFileType = sourcecode.swift; path = AppDelegate.swift; sourceTree = "<group>"; };
		EE9227791D955C64009554E6 /* ViewController.swift */ = {isa = PBXFileReference; lastKnownFileType = sourcecode.swift; path = ViewController.swift; sourceTree = "<group>"; };
		EE92277C1D955C64009554E6 /* Base */ = {isa = PBXFileReference; lastKnownFileType = file.storyboard; name = Base; path = Base.lproj/Main.storyboard; sourceTree = "<group>"; };
		EE92277E1D955C64009554E6 /* Assets.xcassets */ = {isa = PBXFileReference; lastKnownFileType = folder.assetcatalog; path = Assets.xcassets; sourceTree = "<group>"; };
		EE9227811D955C64009554E6 /* Base */ = {isa = PBXFileReference; lastKnownFileType = file.storyboard; name = Base; path = Base.lproj/LaunchScreen.storyboard; sourceTree = "<group>"; };
		EE9227831D955C64009554E6 /* Info.plist */ = {isa = PBXFileReference; lastKnownFileType = text.plist.xml; path = Info.plist; sourceTree = "<group>"; };
		EE9227891D955DD3009554E6 /* C3PRO.xcodeproj */ = {isa = PBXFileReference; lastKnownFileType = "wrapper.pb-project"; name = C3PRO.xcodeproj; path = "c3-pro-ios-framework/C3PRO.xcodeproj"; sourceTree = "<group>"; };
		EE9227A91D956169009554E6 /* SwiftSMART.xcodeproj */ = {isa = PBXFileReference; lastKnownFileType = "wrapper.pb-project"; name = SwiftSMART.xcodeproj; path = "c3-pro-ios-framework/Swift-SMART/SwiftSMART.xcodeproj"; sourceTree = "<group>"; };
/* End PBXFileReference section */

/* Begin PBXFrameworksBuildPhase section */
		EE9227711D955C64009554E6 /* Frameworks */ = {
			isa = PBXFrameworksBuildPhase;
			buildActionMask = 2147483647;
			files = (
			);
			runOnlyForDeploymentPostprocessing = 0;
		};
/* End PBXFrameworksBuildPhase section */

/* Begin PBXGroup section */
		EE1AA4CC1D9563FE00B50AD5 /* Products */ = {
			isa = PBXGroup;
			children = (
				EE1AA4D21D9563FF00B50AD5 /* ResearchKit.framework */,
				EE1AA4D41D9563FF00B50AD5 /* ResearchKitTests.xctest */,
			);
			name = Products;
			sourceTree = "<group>";
		};
		EE1AA4DD1D9564B400B50AD5 /* Products */ = {
			isa = PBXGroup;
			children = (
				EE1AA4E21D9564B500B50AD5 /* CryptoSwift.framework */,
				EE1AA4E41D9564B500B50AD5 /* Tests.xctest */,
			);
			name = Products;
			sourceTree = "<group>";
		};
		EE92276B1D955C64009554E6 = {
			isa = PBXGroup;
			children = (
				EE9227761D955C64009554E6 /* Questionnaires */,
				EE9227751D955C64009554E6 /* Products */,
				EE9227891D955DD3009554E6 /* C3PRO.xcodeproj */,
				EE9227A91D956169009554E6 /* SwiftSMART.xcodeproj */,
				EE1AA4CB1D9563FE00B50AD5 /* ResearchKit.xcodeproj */,
				EE1AA4DC1D9564B400B50AD5 /* CryptoSwift.xcodeproj */,
			);
			sourceTree = "<group>";
		};
		EE9227751D955C64009554E6 /* Products */ = {
			isa = PBXGroup;
			children = (
				EE9227741D955C64009554E6 /* Questionnaires.app */,
			);
			name = Products;
			sourceTree = "<group>";
		};
		EE9227761D955C64009554E6 /* Questionnaires */ = {
			isa = PBXGroup;
			children = (
				EE9227771D955C64009554E6 /* AppDelegate.swift */,
				EE9227791D955C64009554E6 /* ViewController.swift */,
				EE92277B1D955C64009554E6 /* Main.storyboard */,
				EE92277E1D955C64009554E6 /* Assets.xcassets */,
				EE9227801D955C64009554E6 /* LaunchScreen.storyboard */,
				EE9227831D955C64009554E6 /* Info.plist */,
			);
			path = Questionnaires;
			sourceTree = "<group>";
		};
		EE92278A1D955DD3009554E6 /* Products */ = {
			isa = PBXGroup;
			children = (
				EE9227921D955DD3009554E6 /* C3PRO.framework */,
				EE9227941D955DD3009554E6 /* C3PROTests.xctest */,
			);
			name = Products;
			sourceTree = "<group>";
		};
		EE9227AA1D956169009554E6 /* Products */ = {
			isa = PBXGroup;
			children = (
				EE9227B31D956169009554E6 /* SMART.framework */,
				EE9227B51D956169009554E6 /* SwiftSMART-iOSTests.xctest */,
				EE9227B71D956169009554E6 /* SMART.framework */,
				EE9227B91D956169009554E6 /* SwiftSMART-macOSTests.xctest */,
			);
			name = Products;
			sourceTree = "<group>";
		};
/* End PBXGroup section */

/* Begin PBXNativeTarget section */
		EE9227731D955C64009554E6 /* Questionnaires */ = {
			isa = PBXNativeTarget;
			buildConfigurationList = EE9227861D955C64009554E6 /* Build configuration list for PBXNativeTarget "Questionnaires" */;
			buildPhases = (
				EE9227701D955C64009554E6 /* Sources */,
				EE9227711D955C64009554E6 /* Frameworks */,
				EE9227721D955C64009554E6 /* Resources */,
				EE9227A01D955E08009554E6 /* Embed Frameworks */,
			);
			buildRules = (
			);
			dependencies = (
				EE1AA4EA1D9564DF00B50AD5 /* PBXTargetDependency */,
				EE1AA4EC1D9564DF00B50AD5 /* PBXTargetDependency */,
				EE1AA4EE1D9564DF00B50AD5 /* PBXTargetDependency */,
				EE1AA4F01D9564DF00B50AD5 /* PBXTargetDependency */,
			);
			name = Questionnaires;
			productName = Questionnaires;
			productReference = EE9227741D955C64009554E6 /* Questionnaires.app */;
			productType = "com.apple.product-type.application";
		};
/* End PBXNativeTarget section */

/* Begin PBXProject section */
		EE92276C1D955C64009554E6 /* Project object */ = {
			isa = PBXProject;
			attributes = {
				LastSwiftUpdateCheck = 0800;
				LastUpgradeCheck = 0800;
				ORGANIZATIONNAME = CHIP;
				TargetAttributes = {
					EE9227731D955C64009554E6 = {
						CreatedOnToolsVersion = 8.0;
						DevelopmentTeam = 2UG3E8ZWCH;
						ProvisioningStyle = Automatic;
					};
				};
			};
			buildConfigurationList = EE92276F1D955C64009554E6 /* Build configuration list for PBXProject "Questionnaires" */;
			compatibilityVersion = "Xcode 3.2";
			developmentRegion = English;
			hasScannedForEncodings = 0;
			knownRegions = (
				en,
				Base,
			);
			mainGroup = EE92276B1D955C64009554E6;
			productRefGroup = EE9227751D955C64009554E6 /* Products */;
			projectDirPath = "";
			projectReferences = (
				{
					ProductGroup = EE92278A1D955DD3009554E6 /* Products */;
					ProjectRef = EE9227891D955DD3009554E6 /* C3PRO.xcodeproj */;
				},
				{
					ProductGroup = EE1AA4DD1D9564B400B50AD5 /* Products */;
					ProjectRef = EE1AA4DC1D9564B400B50AD5 /* CryptoSwift.xcodeproj */;
				},
				{
					ProductGroup = EE1AA4CC1D9563FE00B50AD5 /* Products */;
					ProjectRef = EE1AA4CB1D9563FE00B50AD5 /* ResearchKit.xcodeproj */;
				},
				{
					ProductGroup = EE9227AA1D956169009554E6 /* Products */;
					ProjectRef = EE9227A91D956169009554E6 /* SwiftSMART.xcodeproj */;
				},
			);
			projectRoot = "";
			targets = (
				EE9227731D955C64009554E6 /* Questionnaires */,
			);
		};
/* End PBXProject section */

/* Begin PBXReferenceProxy section */
		EE1AA4D21D9563FF00B50AD5 /* ResearchKit.framework */ = {
			isa = PBXReferenceProxy;
			fileType = wrapper.framework;
			path = ResearchKit.framework;
			remoteRef = EE1AA4D11D9563FF00B50AD5 /* PBXContainerItemProxy */;
			sourceTree = BUILT_PRODUCTS_DIR;
		};
		EE1AA4D41D9563FF00B50AD5 /* ResearchKitTests.xctest */ = {
			isa = PBXReferenceProxy;
			fileType = wrapper.cfbundle;
			path = ResearchKitTests.xctest;
			remoteRef = EE1AA4D31D9563FF00B50AD5 /* PBXContainerItemProxy */;
			sourceTree = BUILT_PRODUCTS_DIR;
		};
		EE1AA4E21D9564B500B50AD5 /* CryptoSwift.framework */ = {
			isa = PBXReferenceProxy;
			fileType = wrapper.framework;
			path = CryptoSwift.framework;
			remoteRef = EE1AA4E11D9564B500B50AD5 /* PBXContainerItemProxy */;
			sourceTree = BUILT_PRODUCTS_DIR;
		};
		EE1AA4E41D9564B500B50AD5 /* Tests.xctest */ = {
			isa = PBXReferenceProxy;
			fileType = wrapper.cfbundle;
			path = Tests.xctest;
			remoteRef = EE1AA4E31D9564B500B50AD5 /* PBXContainerItemProxy */;
			sourceTree = BUILT_PRODUCTS_DIR;
		};
		EE9227921D955DD3009554E6 /* C3PRO.framework */ = {
			isa = PBXReferenceProxy;
			fileType = wrapper.framework;
			path = C3PRO.framework;
			remoteRef = EE9227911D955DD3009554E6 /* PBXContainerItemProxy */;
			sourceTree = BUILT_PRODUCTS_DIR;
		};
		EE9227941D955DD3009554E6 /* C3PROTests.xctest */ = {
			isa = PBXReferenceProxy;
			fileType = wrapper.cfbundle;
			path = C3PROTests.xctest;
			remoteRef = EE9227931D955DD3009554E6 /* PBXContainerItemProxy */;
			sourceTree = BUILT_PRODUCTS_DIR;
		};
		EE9227B31D956169009554E6 /* SMART.framework */ = {
			isa = PBXReferenceProxy;
			fileType = wrapper.framework;
			path = SMART.framework;
			remoteRef = EE9227B21D956169009554E6 /* PBXContainerItemProxy */;
			sourceTree = BUILT_PRODUCTS_DIR;
		};
		EE9227B51D956169009554E6 /* SwiftSMART-iOSTests.xctest */ = {
			isa = PBXReferenceProxy;
			fileType = wrapper.cfbundle;
			path = "SwiftSMART-iOSTests.xctest";
			remoteRef = EE9227B41D956169009554E6 /* PBXContainerItemProxy */;
			sourceTree = BUILT_PRODUCTS_DIR;
		};
		EE9227B71D956169009554E6 /* SMART.framework */ = {
			isa = PBXReferenceProxy;
			fileType = wrapper.framework;
			path = SMART.framework;
			remoteRef = EE9227B61D956169009554E6 /* PBXContainerItemProxy */;
			sourceTree = BUILT_PRODUCTS_DIR;
		};
		EE9227B91D956169009554E6 /* SwiftSMART-macOSTests.xctest */ = {
			isa = PBXReferenceProxy;
			fileType = wrapper.cfbundle;
			path = "SwiftSMART-macOSTests.xctest";
			remoteRef = EE9227B81D956169009554E6 /* PBXContainerItemProxy */;
			sourceTree = BUILT_PRODUCTS_DIR;
		};
/* End PBXReferenceProxy section */

/* Begin PBXResourcesBuildPhase section */
		EE9227721D955C64009554E6 /* Resources */ = {
			isa = PBXResourcesBuildPhase;
			buildActionMask = 2147483647;
			files = (
				EE9227821D955C64009554E6 /* LaunchScreen.storyboard in Resources */,
				EE92277F1D955C64009554E6 /* Assets.xcassets in Resources */,
				EE92277D1D955C64009554E6 /* Main.storyboard in Resources */,
			);
			runOnlyForDeploymentPostprocessing = 0;
		};
/* End PBXResourcesBuildPhase section */

/* Begin PBXSourcesBuildPhase section */
		EE9227701D955C64009554E6 /* Sources */ = {
			isa = PBXSourcesBuildPhase;
			buildActionMask = 2147483647;
			files = (
				EE92277A1D955C64009554E6 /* ViewController.swift in Sources */,
				EE9227781D955C64009554E6 /* AppDelegate.swift in Sources */,
			);
			runOnlyForDeploymentPostprocessing = 0;
		};
/* End PBXSourcesBuildPhase section */

/* Begin PBXTargetDependency section */
		EE1AA4EA1D9564DF00B50AD5 /* PBXTargetDependency */ = {
			isa = PBXTargetDependency;
			name = C3PRO;
			targetProxy = EE1AA4E91D9564DF00B50AD5 /* PBXContainerItemProxy */;
		};
		EE1AA4EC1D9564DF00B50AD5 /* PBXTargetDependency */ = {
			isa = PBXTargetDependency;
			name = "SwiftSMART-iOS";
			targetProxy = EE1AA4EB1D9564DF00B50AD5 /* PBXContainerItemProxy */;
		};
		EE1AA4EE1D9564DF00B50AD5 /* PBXTargetDependency */ = {
			isa = PBXTargetDependency;
			name = ResearchKit;
			targetProxy = EE1AA4ED1D9564DF00B50AD5 /* PBXContainerItemProxy */;
		};
		EE1AA4F01D9564DF00B50AD5 /* PBXTargetDependency */ = {
			isa = PBXTargetDependency;
			name = CryptoSwift;
			targetProxy = EE1AA4EF1D9564DF00B50AD5 /* PBXContainerItemProxy */;
		};
/* End PBXTargetDependency section */

/* Begin PBXVariantGroup section */
		EE92277B1D955C64009554E6 /* Main.storyboard */ = {
			isa = PBXVariantGroup;
			children = (
				EE92277C1D955C64009554E6 /* Base */,
			);
			name = Main.storyboard;
			sourceTree = "<group>";
		};
		EE9227801D955C64009554E6 /* LaunchScreen.storyboard */ = {
			isa = PBXVariantGroup;
			children = (
				EE9227811D955C64009554E6 /* Base */,
			);
			name = LaunchScreen.storyboard;
			sourceTree = "<group>";
		};
/* End PBXVariantGroup section */

/* Begin XCBuildConfiguration section */
		EE9227841D955C64009554E6 /* Debug */ = {
			isa = XCBuildConfiguration;
			buildSettings = {
				ALWAYS_SEARCH_USER_PATHS = NO;
				CLANG_ANALYZER_NONNULL = YES;
				CLANG_CXX_LANGUAGE_STANDARD = "gnu++0x";
				CLANG_CXX_LIBRARY = "libc++";
				CLANG_ENABLE_MODULES = YES;
				CLANG_ENABLE_OBJC_ARC = YES;
				CLANG_WARN_BOOL_CONVERSION = YES;
				CLANG_WARN_CONSTANT_CONVERSION = YES;
				CLANG_WARN_DIRECT_OBJC_ISA_USAGE = YES_ERROR;
				CLANG_WARN_DOCUMENTATION_COMMENTS = YES;
				CLANG_WARN_EMPTY_BODY = YES;
				CLANG_WARN_ENUM_CONVERSION = YES;
				CLANG_WARN_INFINITE_RECURSION = YES;
				CLANG_WARN_INT_CONVERSION = YES;
				CLANG_WARN_OBJC_ROOT_CLASS = YES_ERROR;
				CLANG_WARN_SUSPICIOUS_MOVES = YES;
				CLANG_WARN_UNREACHABLE_CODE = YES;
				CLANG_WARN__DUPLICATE_METHOD_MATCH = YES;
				"CODE_SIGN_IDENTITY[sdk=iphoneos*]" = "iPhone Developer";
				COPY_PHASE_STRIP = NO;
				DEBUG_INFORMATION_FORMAT = dwarf;
				ENABLE_STRICT_OBJC_MSGSEND = YES;
				ENABLE_TESTABILITY = YES;
				GCC_C_LANGUAGE_STANDARD = gnu99;
				GCC_DYNAMIC_NO_PIC = NO;
				GCC_NO_COMMON_BLOCKS = YES;
				GCC_OPTIMIZATION_LEVEL = 0;
				GCC_PREPROCESSOR_DEFINITIONS = (
					"DEBUG=1",
					"$(inherited)",
				);
				GCC_WARN_64_TO_32_BIT_CONVERSION = YES;
				GCC_WARN_ABOUT_RETURN_TYPE = YES_ERROR;
				GCC_WARN_UNDECLARED_SELECTOR = YES;
				GCC_WARN_UNINITIALIZED_AUTOS = YES_AGGRESSIVE;
				GCC_WARN_UNUSED_FUNCTION = YES;
				GCC_WARN_UNUSED_VARIABLE = YES;
				IPHONEOS_DEPLOYMENT_TARGET = 10.0;
				MTL_ENABLE_DEBUG_INFO = YES;
				ONLY_ACTIVE_ARCH = YES;
				SDKROOT = iphoneos;
				SWIFT_ACTIVE_COMPILATION_CONDITIONS = DEBUG;
				SWIFT_OPTIMIZATION_LEVEL = "-Onone";
				TARGETED_DEVICE_FAMILY = "1,2";
			};
			name = Debug;
		};
		EE9227851D955C64009554E6 /* Release */ = {
			isa = XCBuildConfiguration;
			buildSettings = {
				ALWAYS_SEARCH_USER_PATHS = NO;
				CLANG_ANALYZER_NONNULL = YES;
				CLANG_CXX_LANGUAGE_STANDARD = "gnu++0x";
				CLANG_CXX_LIBRARY = "libc++";
				CLANG_ENABLE_MODULES = YES;
				CLANG_ENABLE_OBJC_ARC = YES;
				CLANG_WARN_BOOL_CONVERSION = YES;
				CLANG_WARN_CONSTANT_CONVERSION = YES;
				CLANG_WARN_DIRECT_OBJC_ISA_USAGE = YES_ERROR;
				CLANG_WARN_DOCUMENTATION_COMMENTS = YES;
				CLANG_WARN_EMPTY_BODY = YES;
				CLANG_WARN_ENUM_CONVERSION = YES;
				CLANG_WARN_INFINITE_RECURSION = YES;
				CLANG_WARN_INT_CONVERSION = YES;
				CLANG_WARN_OBJC_ROOT_CLASS = YES_ERROR;
				CLANG_WARN_SUSPICIOUS_MOVES = YES;
				CLANG_WARN_UNREACHABLE_CODE = YES;
				CLANG_WARN__DUPLICATE_METHOD_MATCH = YES;
				"CODE_SIGN_IDENTITY[sdk=iphoneos*]" = "iPhone Developer";
				COPY_PHASE_STRIP = NO;
				DEBUG_INFORMATION_FORMAT = "dwarf-with-dsym";
				ENABLE_NS_ASSERTIONS = NO;
				ENABLE_STRICT_OBJC_MSGSEND = YES;
				GCC_C_LANGUAGE_STANDARD = gnu99;
				GCC_NO_COMMON_BLOCKS = YES;
				GCC_WARN_64_TO_32_BIT_CONVERSION = YES;
				GCC_WARN_ABOUT_RETURN_TYPE = YES_ERROR;
				GCC_WARN_UNDECLARED_SELECTOR = YES;
				GCC_WARN_UNINITIALIZED_AUTOS = YES_AGGRESSIVE;
				GCC_WARN_UNUSED_FUNCTION = YES;
				GCC_WARN_UNUSED_VARIABLE = YES;
				IPHONEOS_DEPLOYMENT_TARGET = 10.0;
				MTL_ENABLE_DEBUG_INFO = NO;
				SDKROOT = iphoneos;
				SWIFT_OPTIMIZATION_LEVEL = "-Owholemodule";
				TARGETED_DEVICE_FAMILY = "1,2";
				VALIDATE_PRODUCT = YES;
			};
			name = Release;
		};
		EE9227871D955C64009554E6 /* Debug */ = {
			isa = XCBuildConfiguration;
			buildSettings = {
				ALWAYS_EMBED_SWIFT_STANDARD_LIBRARIES = YES;
				ASSETCATALOG_COMPILER_APPICON_NAME = AppIcon;
				DEVELOPMENT_TEAM = 2UG3E8ZWCH;
				FRAMEWORK_SEARCH_PATHS = (
					"$(inherited)",
					"$(PROJECT_DIR)/c3-pro-ios-framework/Swift-SMART/Swift-FHIR/build/Debug-iphoneos",
				);
				INFOPLIST_FILE = Questionnaires/Info.plist;
				LD_RUNPATH_SEARCH_PATHS = "$(inherited) @executable_path/Frameworks";
				PRODUCT_BUNDLE_IDENTIFIER = "org.chip.c3-pro.Questionnaires";
				PRODUCT_NAME = "$(TARGET_NAME)";
				SWIFT_VERSION = 3.0;
			};
			name = Debug;
		};
		EE9227881D955C64009554E6 /* Release */ = {
			isa = XCBuildConfiguration;
			buildSettings = {
				ALWAYS_EMBED_SWIFT_STANDARD_LIBRARIES = YES;
				ASSETCATALOG_COMPILER_APPICON_NAME = AppIcon;
				DEVELOPMENT_TEAM = 2UG3E8ZWCH;
				FRAMEWORK_SEARCH_PATHS = (
					"$(inherited)",
					"$(PROJECT_DIR)/c3-pro-ios-framework/Swift-SMART/Swift-FHIR/build/Debug-iphoneos",
				);
				INFOPLIST_FILE = Questionnaires/Info.plist;
				LD_RUNPATH_SEARCH_PATHS = "$(inherited) @executable_path/Frameworks";
				PRODUCT_BUNDLE_IDENTIFIER = "org.chip.c3-pro.Questionnaires";
				PRODUCT_NAME = "$(TARGET_NAME)";
				SWIFT_VERSION = 3.0;
			};
			name = Release;
		};
/* End XCBuildConfiguration section */

/* Begin XCConfigurationList section */
		EE92276F1D955C64009554E6 /* Build configuration list for PBXProject "Questionnaires" */ = {
			isa = XCConfigurationList;
			buildConfigurations = (
				EE9227841D955C64009554E6 /* Debug */,
				EE9227851D955C64009554E6 /* Release */,
			);
			defaultConfigurationIsVisible = 0;
			defaultConfigurationName = Release;
		};
		EE9227861D955C64009554E6 /* Build configuration list for PBXNativeTarget "Questionnaires" */ = {
			isa = XCConfigurationList;
			buildConfigurations = (
				EE9227871D955C64009554E6 /* Debug */,
				EE9227881D955C64009554E6 /* Release */,
			);
			defaultConfigurationIsVisible = 0;
			defaultConfigurationName = Release;
		};
/* End XCConfigurationList section */
	};
	rootObject = EE92276C1D955C64009554E6 /* Project object */;
}
